PODS:
  - Flutter (1.0.0)
  - native_flutter_proxy (0.0.1):
    - Flutter

DEPENDENCIES:
  - Flutter (from `Flutter`)
  - native_flutter_proxy (from `.symlinks/plugins/native_flutter_proxy/ios`)

EXTERNAL SOURCES:
  Flutter:
    :path: Flutter
  native_flutter_proxy:
    :path: ".symlinks/plugins/native_flutter_proxy/ios"

SPEC CHECKSUMS:
  Flutter: 50d75fe2f02b26cc09d224853bb45737f8b3214a
  native_flutter_proxy: 9d5ce4f6db3e1bf1e0c796020393f6500abd3126

PODFILE CHECKSUM: aafe91acc616949ddb318b77800a7f51bffa2a4c

COCOAPODS: 1.11.2
