PODS:
  - Flutter (1.0.0)
  - flutter_proxy (0.0.1):
    - Flutter

DEPENDENCIES:
  - Flutter (from `Flutter`)
  - flutter_proxy (from `.symlinks/plugins/flutter_proxy/ios`)

EXTERNAL SOURCES:
  Flutter:
    :path: Flutter
  flutter_proxy:
    :path: ".symlinks/plugins/flutter_proxy/ios"

SPEC CHECKSUMS:
  Flutter: 0e3d915762c693b495b44d77113d4970485de6ec
  flutter_proxy: 7af0ee0e6281dc7a19d09956c55c7ef3f04a06e9

PODFILE CHECKSUM: 1b66dae606f75376c5f2135a8290850eeb09ae83

COCOAPODS: 1.7.5
